// !$*UTF8*$!
{
	archiveVersion = 1;
	classes = {
	};
	objectVersion = 48;
	objects = {

/* Begin PBXBuildFile section */
		03C4113E1FE2007100D8BB6F /* AppDelegate.swift in Sources */ = {isa = PBXBuildFile; fileRef = 03C4113D1FE2007100D8BB6F /* AppDelegate.swift */; };
		03C411401FE2007100D8BB6F /* ViewController.swift in Sources */ = {isa = PBXBuildFile; fileRef = 03C4113F1FE2007100D8BB6F /* ViewController.swift */; };
		03C411421FE2007100D8BB6F /* Assets.xcassets in Resources */ = {isa = PBXBuildFile; fileRef = 03C411411FE2007100D8BB6F /* Assets.xcassets */; };
		03C411451FE2007100D8BB6F /* Main.storyboard in Resources */ = {isa = PBXBuildFile; fileRef = 03C411431FE2007100D8BB6F /* Main.storyboard */; };
		03C411511FE2007100D8BB6F /* vote_it_1Tests.swift in Sources */ = {isa = PBXBuildFile; fileRef = 03C411501FE2007100D8BB6F /* vote_it_1Tests.swift */; };
		03C4115C1FE2007100D8BB6F /* vote_it_1UITests.swift in Sources */ = {isa = PBXBuildFile; fileRef = 03C4115B1FE2007100D8BB6F /* vote_it_1UITests.swift */; };
/* End PBXBuildFile section */

/* Begin PBXContainerItemProxy section */
		03C4114D1FE2007100D8BB6F /* PBXContainerItemProxy */ = {
			isa = PBXContainerItemProxy;
			containerPortal = 03C411321FE2007100D8BB6F /* Project object */;
			proxyType = 1;
			remoteGlobalIDString = 03C411391FE2007100D8BB6F;
			remoteInfo = "vote it 1";
		};
		03C411581FE2007100D8BB6F /* PBXContainerItemProxy */ = {
			isa = PBXContainerItemProxy;
			containerPortal = 03C411321FE2007100D8BB6F /* Project object */;
			proxyType = 1;
			remoteGlobalIDString = 03C411391FE2007100D8BB6F;
			remoteInfo = "vote it 1";
		};
/* End PBXContainerItemProxy section */

/* Begin PBXFileReference section */
		03C4113A1FE2007100D8BB6F /* vote it 1.app */ = {isa = PBXFileReference; explicitFileType = wrapper.application; includeInIndex = 0; path = "vote it 1.app"; sourceTree = BUILT_PRODUCTS_DIR; };
		03C4113D1FE2007100D8BB6F /* AppDelegate.swift */ = {isa = PBXFileReference; lastKnownFileType = sourcecode.swift; path = AppDelegate.swift; sourceTree = "<group>"; };
		03C4113F1FE2007100D8BB6F /* ViewController.swift */ = {isa = PBXFileReference; lastKnownFileType = sourcecode.swift; path = ViewController.swift; sourceTree = "<group>"; };
		03C411411FE2007100D8BB6F /* Assets.xcassets */ = {isa = PBXFileReference; lastKnownFileType = folder.assetcatalog; path = Assets.xcassets; sourceTree = "<group>"; };
		03C411441FE2007100D8BB6F /* Base */ = {isa = PBXFileReference; lastKnownFileType = file.storyboard; name = Base; path = Base.lproj/Main.storyboard; sourceTree = "<group>"; };
		03C411461FE2007100D8BB6F /* Info.plist */ = {isa = PBXFileReference; lastKnownFileType = text.plist.xml; path = Info.plist; sourceTree = "<group>"; };
		03C411471FE2007100D8BB6F /* vote_it_1.entitlements */ = {isa = PBXFileReference; lastKnownFileType = text.plist.entitlements; path = vote_it_1.entitlements; sourceTree = "<group>"; };
		03C4114C1FE2007100D8BB6F /* vote it 1Tests.xctest */ = {isa = PBXFileReference; explicitFileType = wrapper.cfbundle; includeInIndex = 0; path = "vote it 1Tests.xctest"; sourceTree = BUILT_PRODUCTS_DIR; };
		03C411501FE2007100D8BB6F /* vote_it_1Tests.swift */ = {isa = PBXFileReference; lastKnownFileType = sourcecode.swift; path = vote_it_1Tests.swift; sourceTree = "<group>"; };
		03C411521FE2007100D8BB6F /* Info.plist */ = {isa = PBXFileReference; lastKnownFileType = text.plist.xml; path = Info.plist; sourceTree = "<group>"; };
		03C411571FE2007100D8BB6F /* vote it 1UITests.xctest */ = {isa = PBXFileReference; explicitFileType = wrapper.cfbundle; includeInIndex = 0; path = "vote it 1UITests.xctest"; sourceTree = BUILT_PRODUCTS_DIR; };
		03C4115B1FE2007100D8BB6F /* vote_it_1UITests.swift */ = {isa = PBXFileReference; lastKnownFileType = sourcecode.swift; path = vote_it_1UITests.swift; sourceTree = "<group>"; };
		03C4115D1FE2007100D8BB6F /* Info.plist */ = {isa = PBXFileReference; lastKnownFileType = text.plist.xml; path = Info.plist; sourceTree = "<group>"; };
/* End PBXFileReference section */

/* Begin PBXFrameworksBuildPhase section */
		03C411371FE2007100D8BB6F /* Frameworks */ = {
			isa = PBXFrameworksBuildPhase;
			buildActionMask = 2147483647;
			files = (
			);
			runOnlyForDeploymentPostprocessing = 0;
		};
		03C411491FE2007100D8BB6F /* Frameworks */ = {
			isa = PBXFrameworksBuildPhase;
			buildActionMask = 2147483647;
			files = (
			);
			runOnlyForDeploymentPostprocessing = 0;
		};
		03C411541FE2007100D8BB6F /* Frameworks */ = {
			isa = PBXFrameworksBuildPhase;
			buildActionMask = 2147483647;
			files = (
			);
			runOnlyForDeploymentPostprocessing = 0;
		};
/* End PBXFrameworksBuildPhase section */

/* Begin PBXGroup section */
		03C411311FE2007100D8BB6F = {
			isa = PBXGroup;
			children = (
				03C4113C1FE2007100D8BB6F /* vote it 1 */,
				03C4114F1FE2007100D8BB6F /* vote it 1Tests */,
				03C4115A1FE2007100D8BB6F /* vote it 1UITests */,
				03C4113B1FE2007100D8BB6F /* Products */,
			);
			sourceTree = "<group>";
		};
		03C4113B1FE2007100D8BB6F /* Products */ = {
			isa = PBXGroup;
			children = (
				03C4113A1FE2007100D8BB6F /* vote it 1.app */,
				03C4114C1FE2007100D8BB6F /* vote it 1Tests.xctest */,
				03C411571FE2007100D8BB6F /* vote it 1UITests.xctest */,
			);
			name = Products;
			sourceTree = "<group>";
		};
		03C4113C1FE2007100D8BB6F /* vote it 1 */ = {
			isa = PBXGroup;
			children = (
				03C4113D1FE2007100D8BB6F /* AppDelegate.swift */,
				03C4113F1FE2007100D8BB6F /* ViewController.swift */,
				03C411411FE2007100D8BB6F /* Assets.xcassets */,
				03C411431FE2007100D8BB6F /* Main.storyboard */,
				03C411461FE2007100D8BB6F /* Info.plist */,
				03C411471FE2007100D8BB6F /* vote_it_1.entitlements */,
			);
			path = "vote it 1";
			sourceTree = "<group>";
		};
		03C4114F1FE2007100D8BB6F /* vote it 1Tests */ = {
			isa = PBXGroup;
			children = (
				03C411501FE2007100D8BB6F /* vote_it_1Tests.swift */,
				03C411521FE2007100D8BB6F /* Info.plist */,
			);
			path = "vote it 1Tests";
			sourceTree = "<group>";
		};
		03C4115A1FE2007100D8BB6F /* vote it 1UITests */ = {
			isa = PBXGroup;
			children = (
				03C4115B1FE2007100D8BB6F /* vote_it_1UITests.swift */,
				03C4115D1FE2007100D8BB6F /* Info.plist */,
			);
			path = "vote it 1UITests";
			sourceTree = "<group>";
		};
/* End PBXGroup section */

/* Begin PBXNativeTarget section */
		03C411391FE2007100D8BB6F /* vote it 1 */ = {
			isa = PBXNativeTarget;
			buildConfigurationList = 03C411601FE2007100D8BB6F /* Build configuration list for PBXNativeTarget "vote it 1" */;
			buildPhases = (
				03C411361FE2007100D8BB6F /* Sources */,
				03C411371FE2007100D8BB6F /* Frameworks */,
				03C411381FE2007100D8BB6F /* Resources */,
			);
			buildRules = (
			);
			dependencies = (
			);
			name = "vote it 1";
			productName = "vote it 1";
			productReference = 03C4113A1FE2007100D8BB6F /* vote it 1.app */;
			productType = "com.apple.product-type.application";
		};
		03C4114B1FE2007100D8BB6F /* vote it 1Tests */ = {
			isa = PBXNativeTarget;
			buildConfigurationList = 03C411631FE2007100D8BB6F /* Build configuration list for PBXNativeTarget "vote it 1Tests" */;
			buildPhases = (
				03C411481FE2007100D8BB6F /* Sources */,
				03C411491FE2007100D8BB6F /* Frameworks */,
				03C4114A1FE2007100D8BB6F /* Resources */,
			);
			buildRules = (
			);
			dependencies = (
				03C4114E1FE2007100D8BB6F /* PBXTargetDependency */,
			);
			name = "vote it 1Tests";
			productName = "vote it 1Tests";
			productReference = 03C4114C1FE2007100D8BB6F /* vote it 1Tests.xctest */;
			productType = "com.apple.product-type.bundle.unit-test";
		};
		03C411561FE2007100D8BB6F /* vote it 1UITests */ = {
			isa = PBXNativeTarget;
			buildConfigurationList = 03C411661FE2007100D8BB6F /* Build configuration list for PBXNativeTarget "vote it 1UITests" */;
			buildPhases = (
				03C411531FE2007100D8BB6F /* Sources */,
				03C411541FE2007100D8BB6F /* Frameworks */,
				03C411551FE2007100D8BB6F /* Resources */,
			);
			buildRules = (
			);
			dependencies = (
				03C411591FE2007100D8BB6F /* PBXTargetDependency */,
			);
			name = "vote it 1UITests";
			productName = "vote it 1UITests";
			productReference = 03C411571FE2007100D8BB6F /* vote it 1UITests.xctest */;
			productType = "com.apple.product-type.bundle.ui-testing";
		};
/* End PBXNativeTarget section */

/* Begin PBXProject section */
		03C411321FE2007100D8BB6F /* Project object */ = {
			isa = PBXProject;
			attributes = {
				LastSwiftUpdateCheck = 0910;
				LastUpgradeCheck = 0910;
				ORGANIZATIONNAME = "tv-net";
				TargetAttributes = {
					03C411391FE2007100D8BB6F = {
						CreatedOnToolsVersion = 9.1;
						ProvisioningStyle = Automatic;
					};
					03C4114B1FE2007100D8BB6F = {
						CreatedOnToolsVersion = 9.1;
						ProvisioningStyle = Automatic;
						TestTargetID = 03C411391FE2007100D8BB6F;
					};
					03C411561FE2007100D8BB6F = {
						CreatedOnToolsVersion = 9.1;
						ProvisioningStyle = Automatic;
						TestTargetID = 03C411391FE2007100D8BB6F;
					};
				};
			};
			buildConfigurationList = 03C411351FE2007100D8BB6F /* Build configuration list for PBXProject "vote it 1" */;
			compatibilityVersion = "Xcode 8.0";
			developmentRegion = en;
			hasScannedForEncodings = 0;
			knownRegions = (
				en,
				Base,
			);
			mainGroup = 03C411311FE2007100D8BB6F;
			productRefGroup = 03C4113B1FE2007100D8BB6F /* Products */;
			projectDirPath = "";
			projectRoot = "";
			targets = (
				03C411391FE2007100D8BB6F /* vote it 1 */,
				03C4114B1FE2007100D8BB6F /* vote it 1Tests */,
				03C411561FE2007100D8BB6F /* vote it 1UITests */,
			);
		};
/* End PBXProject section */

/* Begin PBXResourcesBuildPhase section */
		03C411381FE2007100D8BB6F /* Resources */ = {
			isa = PBXResourcesBuildPhase;
			buildActionMask = 2147483647;
			files = (
				03C411421FE2007100D8BB6F /* Assets.xcassets in Resources */,
				03C411451FE2007100D8BB6F /* Main.storyboard in Resources */,
			);
			runOnlyForDeploymentPostprocessing = 0;
		};
		03C4114A1FE2007100D8BB6F /* Resources */ = {
			isa = PBXResourcesBuildPhase;
			buildActionMask = 2147483647;
			files = (
			);
			runOnlyForDeploymentPostprocessing = 0;
		};
		03C411551FE2007100D8BB6F /* Resources */ = {
			isa = PBXResourcesBuildPhase;
			buildActionMask = 2147483647;
			files = (
			);
			runOnlyForDeploymentPostprocessing = 0;
		};
/* End PBXResourcesBuildPhase section */

/* Begin PBXSourcesBuildPhase section */
		03C411361FE2007100D8BB6F /* Sources */ = {
			isa = PBXSourcesBuildPhase;
			buildActionMask = 2147483647;
			files = (
				03C411401FE2007100D8BB6F /* ViewController.swift in Sources */,
				03C4113E1FE2007100D8BB6F /* AppDelegate.swift in Sources */,
			);
			runOnlyForDeploymentPostprocessing = 0;
		};
		03C411481FE2007100D8BB6F /* Sources */ = {
			isa = PBXSourcesBuildPhase;
			buildActionMask = 2147483647;
			files = (
				03C411511FE2007100D8BB6F /* vote_it_1Tests.swift in Sources */,
			);
			runOnlyForDeploymentPostprocessing = 0;
		};
		03C411531FE2007100D8BB6F /* Sources */ = {
			isa = PBXSourcesBuildPhase;
			buildActionMask = 2147483647;
			files = (
				03C4115C1FE2007100D8BB6F /* vote_it_1UITests.swift in Sources */,
			);
			runOnlyForDeploymentPostprocessing = 0;
		};
/* End PBXSourcesBuildPhase section */

/* Begin PBXTargetDependency section */
		03C4114E1FE2007100D8BB6F /* PBXTargetDependency */ = {
			isa = PBXTargetDependency;
			target = 03C411391FE2007100D8BB6F /* vote it 1 */;
			targetProxy = 03C4114D1FE2007100D8BB6F /* PBXContainerItemProxy */;
		};
		03C411591FE2007100D8BB6F /* PBXTargetDependency */ = {
			isa = PBXTargetDependency;
			target = 03C411391FE2007100D8BB6F /* vote it 1 */;
			targetProxy = 03C411581FE2007100D8BB6F /* PBXContainerItemProxy */;
		};
/* End PBXTargetDependency section */

/* Begin PBXVariantGroup section */
		03C411431FE2007100D8BB6F /* Main.storyboard */ = {
			isa = PBXVariantGroup;
			children = (
				03C411441FE2007100D8BB6F /* Base */,
			);
			name = Main.storyboard;
			sourceTree = "<group>";
		};
/* End PBXVariantGroup section */

/* Begin XCBuildConfiguration section */
		03C4115E1FE2007100D8BB6F /* Debug */ = {
			isa = XCBuildConfiguration;
			buildSettings = {
				ALWAYS_SEARCH_USER_PATHS = NO;
				CLANG_ANALYZER_NONNULL = YES;
				CLANG_ANALYZER_NUMBER_OBJECT_CONVERSION = YES_AGGRESSIVE;
				CLANG_CXX_LANGUAGE_STANDARD = "gnu++14";
				CLANG_CXX_LIBRARY = "libc++";
				CLANG_ENABLE_MODULES = YES;
				CLANG_ENABLE_OBJC_ARC = YES;
				CLANG_WARN_BLOCK_CAPTURE_AUTORELEASING = YES;
				CLANG_WARN_BOOL_CONVERSION = YES;
				CLANG_WARN_COMMA = YES;
				CLANG_WARN_CONSTANT_CONVERSION = YES;
				CLANG_WARN_DIRECT_OBJC_ISA_USAGE = YES_ERROR;
				CLANG_WARN_DOCUMENTATION_COMMENTS = YES;
				CLANG_WARN_EMPTY_BODY = YES;
				CLANG_WARN_ENUM_CONVERSION = YES;
				CLANG_WARN_INFINITE_RECURSION = YES;
				CLANG_WARN_INT_CONVERSION = YES;
				CLANG_WARN_NON_LITERAL_NULL_CONVERSION = YES;
				CLANG_WARN_OBJC_LITERAL_CONVERSION = YES;
				CLANG_WARN_OBJC_ROOT_CLASS = YES_ERROR;
				CLANG_WARN_RANGE_LOOP_ANALYSIS = YES;
				CLANG_WARN_STRICT_PROTOTYPES = YES;
				CLANG_WARN_SUSPICIOUS_MOVE = YES;
				CLANG_WARN_UNGUARDED_AVAILABILITY = YES_AGGRESSIVE;
				CLANG_WARN_UNREACHABLE_CODE = YES;
				CLANG_WARN__DUPLICATE_METHOD_MATCH = YES;
				CODE_SIGN_IDENTITY = "-";
				COPY_PHASE_STRIP = NO;
				DEBUG_INFORMATION_FORMAT = dwarf;
				ENABLE_STRICT_OBJC_MSGSEND = YES;
				ENABLE_TESTABILITY = YES;
				GCC_C_LANGUAGE_STANDARD = gnu11;
				GCC_DYNAMIC_NO_PIC = NO;
				GCC_NO_COMMON_BLOCKS = YES;
				GCC_OPTIMIZATION_LEVEL = 0;
				GCC_PREPROCESSOR_DEFINITIONS = (
					"DEBUG=1",
					"$(inherited)",
				);
				GCC_WARN_64_TO_32_BIT_CONVERSION = YES;
				GCC_WARN_ABOUT_RETURN_TYPE = YES_ERROR;
				GCC_WARN_UNDECLARED_SELECTOR = YES;
				GCC_WARN_UNINITIALIZED_AUTOS = YES_AGGRESSIVE;
				GCC_WARN_UNUSED_FUNCTION = YES;
				GCC_WARN_UNUSED_VARIABLE = YES;
				MACOSX_DEPLOYMENT_TARGET = 10.13;
				MTL_ENABLE_DEBUG_INFO = YES;
				ONLY_ACTIVE_ARCH = YES;
				SDKROOT = macosx;
				SWIFT_ACTIVE_COMPILATION_CONDITIONS = DEBUG;
				SWIFT_OPTIMIZATION_LEVEL = "-Onone";
			};
			name = Debug;
		};
		03C4115F1FE2007100D8BB6F /* Release */ = {
			isa = XCBuildConfiguration;
			buildSettings = {
				ALWAYS_SEARCH_USER_PATHS = NO;
				CLANG_ANALYZER_NONNULL = YES;
				CLANG_ANALYZER_NUMBER_OBJECT_CONVERSION = YES_AGGRESSIVE;
				CLANG_CXX_LANGUAGE_STANDARD = "gnu++14";
				CLANG_CXX_LIBRARY = "libc++";
				CLANG_ENABLE_MODULES = YES;
				CLANG_ENABLE_OBJC_ARC = YES;
				CLANG_WARN_BLOCK_CAPTURE_AUTORELEASING = YES;
				CLANG_WARN_BOOL_CONVERSION = YES;
				CLANG_WARN_COMMA = YES;
				CLANG_WARN_CONSTANT_CONVERSION = YES;
				CLANG_WARN_DIRECT_OBJC_ISA_USAGE = YES_ERROR;
				CLANG_WARN_DOCUMENTATION_COMMENTS = YES;
				CLANG_WARN_EMPTY_BODY = YES;
				CLANG_WARN_ENUM_CONVERSION = YES;
				CLANG_WARN_INFINITE_RECURSION = YES;
				CLANG_WARN_INT_CONVERSION = YES;
				CLANG_WARN_NON_LITERAL_NULL_CONVERSION = YES;
				CLANG_WARN_OBJC_LITERAL_CONVERSION = YES;
				CLANG_WARN_OBJC_ROOT_CLASS = YES_ERROR;
				CLANG_WARN_RANGE_LOOP_ANALYSIS = YES;
				CLANG_WARN_STRICT_PROTOTYPES = YES;
				CLANG_WARN_SUSPICIOUS_MOVE = YES;
				CLANG_WARN_UNGUARDED_AVAILABILITY = YES_AGGRESSIVE;
				CLANG_WARN_UNREACHABLE_CODE = YES;
				CLANG_WARN__DUPLICATE_METHOD_MATCH = YES;
				CODE_SIGN_IDENTITY = "-";
				COPY_PHASE_STRIP = NO;
				DEBUG_INFORMATION_FORMAT = "dwarf-with-dsym";
				ENABLE_NS_ASSERTIONS = NO;
				ENABLE_STRICT_OBJC_MSGSEND = YES;
				GCC_C_LANGUAGE_STANDARD = gnu11;
				GCC_NO_COMMON_BLOCKS = YES;
				GCC_WARN_64_TO_32_BIT_CONVERSION = YES;
				GCC_WARN_ABOUT_RETURN_TYPE = YES_ERROR;
				GCC_WARN_UNDECLARED_SELECTOR = YES;
				GCC_WARN_UNINITIALIZED_AUTOS = YES_AGGRESSIVE;
				GCC_WARN_UNUSED_FUNCTION = YES;
				GCC_WARN_UNUSED_VARIABLE = YES;
				MACOSX_DEPLOYMENT_TARGET = 10.13;
				MTL_ENABLE_DEBUG_INFO = NO;
				SDKROOT = macosx;
				SWIFT_OPTIMIZATION_LEVEL = "-Owholemodule";
			};
			name = Release;
		};
		03C411611FE2007100D8BB6F /* Debug */ = {
			isa = XCBuildConfiguration;
			buildSettings = {
				ASSETCATALOG_COMPILER_APPICON_NAME = AppIcon;
				CODE_SIGN_ENTITLEMENTS = "vote it 1/vote_it_1.entitlements";
				CODE_SIGN_STYLE = Automatic;
				COMBINE_HIDPI_IMAGES = YES;
				INFOPLIST_FILE = "vote it 1/Info.plist";
				LD_RUNPATH_SEARCH_PATHS = "$(inherited) @executable_path/../Frameworks";
				PRODUCT_BUNDLE_IDENTIFIER = "com.tv-net.vote-it-1";
				PRODUCT_NAME = "$(TARGET_NAME)";
				SWIFT_VERSION = 4.0;
			};
			name = Debug;
		};
		03C411621FE2007100D8BB6F /* Release */ = {
			isa = XCBuildConfiguration;
			buildSettings = {
				ASSETCATALOG_COMPILER_APPICON_NAME = AppIcon;
				CODE_SIGN_ENTITLEMENTS = "vote it 1/vote_it_1.entitlements";
				CODE_SIGN_STYLE = Automatic;
				COMBINE_HIDPI_IMAGES = YES;
				INFOPLIST_FILE = "vote it 1/Info.plist";
				LD_RUNPATH_SEARCH_PATHS = "$(inherited) @executable_path/../Frameworks";
				PRODUCT_BUNDLE_IDENTIFIER = "com.tv-net.vote-it-1";
				PRODUCT_NAME = "$(TARGET_NAME)";
				SWIFT_VERSION = 4.0;
			};
			name = Release;
		};
		03C411641FE2007100D8BB6F /* Debug */ = {
			isa = XCBuildConfiguration;
			buildSettings = {
				ALWAYS_EMBED_SWIFT_STANDARD_LIBRARIES = YES;
				BUNDLE_LOADER = "$(TEST_HOST)";
				CODE_SIGN_STYLE = Automatic;
				COMBINE_HIDPI_IMAGES = YES;
				INFOPLIST_FILE = "vote it 1Tests/Info.plist";
				LD_RUNPATH_SEARCH_PATHS = "$(inherited) @executable_path/../Frameworks @loader_path/../Frameworks";
				PRODUCT_BUNDLE_IDENTIFIER = "com.tv-net.vote-it-1Tests";
				PRODUCT_NAME = "$(TARGET_NAME)";
				SWIFT_VERSION = 4.0;
				TEST_HOST = "$(BUILT_PRODUCTS_DIR)/vote it 1.app/Contents/MacOS/vote it 1";
			};
			name = Debug;
		};
		03C411651FE2007100D8BB6F /* Release */ = {
			isa = XCBuildConfiguration;
			buildSettings = {
				ALWAYS_EMBED_SWIFT_STANDARD_LIBRARIES = YES;
				BUNDLE_LOADER = "$(TEST_HOST)";
				CODE_SIGN_STYLE = Automatic;
				COMBINE_HIDPI_IMAGES = YES;
				INFOPLIST_FILE = "vote it 1Tests/Info.plist";
				LD_RUNPATH_SEARCH_PATHS = "$(inherited) @executable_path/../Frameworks @loader_path/../Frameworks";
				PRODUCT_BUNDLE_IDENTIFIER = "com.tv-net.vote-it-1Tests";
				PRODUCT_NAME = "$(TARGET_NAME)";
				SWIFT_VERSION = 4.0;
				TEST_HOST = "$(BUILT_PRODUCTS_DIR)/vote it 1.app/Contents/MacOS/vote it 1";
			};
			name = Release;
		};
		03C411671FE2007100D8BB6F /* Debug */ = {
			isa = XCBuildConfiguration;
			buildSettings = {
				ALWAYS_EMBED_SWIFT_STANDARD_LIBRARIES = YES;
				CODE_SIGN_STYLE = Automatic;
				COMBINE_HIDPI_IMAGES = YES;
				INFOPLIST_FILE = "vote it 1UITests/Info.plist";
				LD_RUNPATH_SEARCH_PATHS = "$(inherited) @executable_path/../Frameworks @loader_path/../Frameworks";
				PRODUCT_BUNDLE_IDENTIFIER = "com.tv-net.vote-it-1UITests";
				PRODUCT_NAME = "$(TARGET_NAME)";
				SWIFT_VERSION = 4.0;
				TEST_TARGET_NAME = "vote it 1";
			};
			name = Debug;
		};
		03C411681FE2007100D8BB6F /* Release */ = {
			isa = XCBuildConfiguration;
			buildSettings = {
				ALWAYS_EMBED_SWIFT_STANDARD_LIBRARIES = YES;
				CODE_SIGN_STYLE = Automatic;
				COMBINE_HIDPI_IMAGES = YES;
				INFOPLIST_FILE = "vote it 1UITests/Info.plist";
				LD_RUNPATH_SEARCH_PATHS = "$(inherited) @executable_path/../Frameworks @loader_path/../Frameworks";
				PRODUCT_BUNDLE_IDENTIFIER = "com.tv-net.vote-it-1UITests";
				PRODUCT_NAME = "$(TARGET_NAME)";
				SWIFT_VERSION = 4.0;
				TEST_TARGET_NAME = "vote it 1";
			};
			name = Release;
		};
/* End XCBuildConfiguration section */

/* Begin XCConfigurationList section */
		03C411351FE2007100D8BB6F /* Build configuration list for PBXProject "vote it 1" */ = {
			isa = XCConfigurationList;
			buildConfigurations = (
				03C4115E1FE2007100D8BB6F /* Debug */,
				03C4115F1FE2007100D8BB6F /* Release */,
			);
			defaultConfigurationIsVisible = 0;
			defaultConfigurationName = Release;
		};
		03C411601FE2007100D8BB6F /* Build configuration list for PBXNativeTarget "vote it 1" */ = {
			isa = XCConfigurationList;
			buildConfigurations = (
				03C411611FE2007100D8BB6F /* Debug */,
				03C411621FE2007100D8BB6F /* Release */,
			);
			defaultConfigurationIsVisible = 0;
			defaultConfigurationName = Release;
		};
		03C411631FE2007100D8BB6F /* Build configuration list for PBXNativeTarget "vote it 1Tests" */ = {
			isa = XCConfigurationList;
			buildConfigurations = (
				03C411641FE2007100D8BB6F /* Debug */,
				03C411651FE2007100D8BB6F /* Release */,
			);
			defaultConfigurationIsVisible = 0;
			defaultConfigurationName = Release;
		};
		03C411661FE2007100D8BB6F /* Build configuration list for PBXNativeTarget "vote it 1UITests" */ = {
			isa = XCConfigurationList;
			buildConfigurations = (
				03C411671FE2007100D8BB6F /* Debug */,
				03C411681FE2007100D8BB6F /* Release */,
			);
			defaultConfigurationIsVisible = 0;
			defaultConfigurationName = Release;
		};
/* End XCConfigurationList section */
	};
	rootObject = 03C411321FE2007100D8BB6F /* Project object */;
}
